
Microsoft Visual Studio Solution File, Format Version 12.00
# Visual Studio 15
VisualStudioVersion = 15.0.27130.2036
MinimumVisualStudioVersion = 10.0.40219.1
Project("{FAE04EC0-301F-11D3-BF4B-00C04F79EFBC}") = "ThreadPoolErastrofen", "ThreadPoolErastrofen\ThreadPoolErastrofen.csproj", "{462C8C9A-F960-4A8C-9669-662C43BEDDEE}"
EndProject
Project("{FAE04EC0-301F-11D3-BF4B-00C04F79EFBC}") = "ThreadPoolTest", "ThreadPoolTest\ThreadPoolTest.csproj", "{B2238624-014E-41F0-8BE0-CF7025C17DFB}"
EndProject
Global
	GlobalSection(SolutionConfigurationPlatforms) = preSolution
		Debug|Any CPU = Debug|Any CPU
		Release|Any CPU = Release|Any CPU
	EndGlobalSection
	GlobalSection(ProjectConfigurationPlatforms) = postSolution
		{462C8C9A-F960-4A8C-9669-662C43BEDDEE}.Debug|Any CPU.ActiveCfg = Debug|Any CPU
		{462C8C9A-F960-4A8C-9669-662C43BEDDEE}.Debug|Any CPU.Build.0 = Debug|Any CPU
		{462C8C9A-F960-4A8C-9669-662C43BEDDEE}.Release|Any CPU.ActiveCfg = Release|Any CPU
		{462C8C9A-F960-4A8C-9669-662C43BEDDEE}.Release|Any CPU.Build.0 = Release|Any CPU
		{B2238624-014E-41F0-8BE0-CF7025C17DFB}.Debug|Any CPU.ActiveCfg = Debug|Any CPU
		{B2238624-014E-41F0-8BE0-CF7025C17DFB}.Debug|Any CPU.Build.0 = Debug|Any CPU
		{B2238624-014E-41F0-8BE0-CF7025C17DFB}.Release|Any CPU.ActiveCfg = Release|Any CPU
		{B2238624-014E-41F0-8BE0-CF7025C17DFB}.Release|Any CPU.Build.0 = Release|Any CPU
	EndGlobalSection
	GlobalSection(SolutionProperties) = preSolution
		HideSolutionNode = FALSE
	EndGlobalSection
	GlobalSection(ExtensibilityGlobals) = postSolution
		SolutionGuid = {8B80B316-DFE6-4A90-8FCC-D3158062987C}
	EndGlobalSection
EndGlobal
